
Microsoft Visual Studio Solution File, Format Version 12.00
# Visual Studio 15
VisualStudioVersion = 15.0.27004.2009
MinimumVisualStudioVersion = 10.0.40219.1
Project("{FAE04EC0-301F-11D3-BF4B-00C04F79EFBC}") = "SingletonInstanceByMutext", "SingletonInstanceByMutext\SingletonInstanceByMutext.csproj", "{B73D1445-2EC5-45B1-A0B1-5BBA592B6C42}"
EndProject
Global
	GlobalSection(SolutionConfigurationPlatforms) = preSolution
		Debug|Any CPU = Debug|Any CPU
		Release|Any CPU = Release|Any CPU
	EndGlobalSection
	GlobalSection(ProjectConfigurationPlatforms) = postSolution
		{B73D1445-2EC5-45B1-A0B1-5BBA592B6C42}.Debug|Any CPU.ActiveCfg = Debug|Any CPU
		{B73D1445-2EC5-45B1-A0B1-5BBA592B6C42}.Debug|Any CPU.Build.0 = Debug|Any CPU
		{B73D1445-2EC5-45B1-A0B1-5BBA592B6C42}.Release|Any CPU.ActiveCfg = Release|Any CPU
		{B73D1445-2EC5-45B1-A0B1-5BBA592B6C42}.Release|Any CPU.Build.0 = Release|Any CPU
	EndGlobalSection
	GlobalSection(SolutionProperties) = preSolution
		HideSolutionNode = FALSE
	EndGlobalSection
	GlobalSection(ExtensibilityGlobals) = postSolution
		SolutionGuid = {AE160EBA-45DF-429E-BC5B-9008BBF81390}
	EndGlobalSection
EndGlobal
